
Microsoft Visual Studio Solution File, Format Version 12.00
# Visual Studio 15
VisualStudioVersion = 15.0.28307.705
MinimumVisualStudioVersion = 10.0.40219.1
Project("{FAE04EC0-301F-11D3-BF4B-00C04F79EFBC}") = "iXBRLSignatureTool", "SignXBRL\iXBRLSignatureTool.csproj", "{FB60BFFC-82AF-40B4-9561-D0B203AAF48B}"
EndProject
Project("{9A19103F-16F7-4668-BE54-9A1E7A4F7556}") = "OpenSBR.XAdES", "OpenSBR\Xades\OpenSBR.XAdES.csproj", "{9CEA2EA9-6EE8-4394-8DF2-986DFDB488B1}"
EndProject
Project("{9A19103F-16F7-4668-BE54-9A1E7A4F7556}") = "OpenSBR.Signature", "OpenSBR\Signature\OpenSBR.Signature.csproj", "{A8CC8B6B-AD8E-4F43-BD7C-E31E1C846BD6}"
EndProject
Global
	GlobalSection(SolutionConfigurationPlatforms) = preSolution
		Debug|Any CPU = Debug|Any CPU
		Release|Any CPU = Release|Any CPU
	EndGlobalSection
	GlobalSection(ProjectConfigurationPlatforms) = postSolution
		{FB60BFFC-82AF-40B4-9561-D0B203AAF48B}.Debug|Any CPU.ActiveCfg = Debug|Any CPU
		{FB60BFFC-82AF-40B4-9561-D0B203AAF48B}.Debug|Any CPU.Build.0 = Debug|Any CPU
		{FB60BFFC-82AF-40B4-9561-D0B203AAF48B}.Release|Any CPU.ActiveCfg = Release|Any CPU
		{FB60BFFC-82AF-40B4-9561-D0B203AAF48B}.Release|Any CPU.Build.0 = Release|Any CPU
		{9CEA2EA9-6EE8-4394-8DF2-986DFDB488B1}.Debug|Any CPU.ActiveCfg = Debug|Any CPU
		{9CEA2EA9-6EE8-4394-8DF2-986DFDB488B1}.Debug|Any CPU.Build.0 = Debug|Any CPU
		{9CEA2EA9-6EE8-4394-8DF2-986DFDB488B1}.Release|Any CPU.ActiveCfg = Release|Any CPU
		{9CEA2EA9-6EE8-4394-8DF2-986DFDB488B1}.Release|Any CPU.Build.0 = Release|Any CPU
		{A8CC8B6B-AD8E-4F43-BD7C-E31E1C846BD6}.Debug|Any CPU.ActiveCfg = Debug|Any CPU
		{A8CC8B6B-AD8E-4F43-BD7C-E31E1C846BD6}.Debug|Any CPU.Build.0 = Debug|Any CPU
		{A8CC8B6B-AD8E-4F43-BD7C-E31E1C846BD6}.Release|Any CPU.ActiveCfg = Release|Any CPU
		{A8CC8B6B-AD8E-4F43-BD7C-E31E1C846BD6}.Release|Any CPU.Build.0 = Release|Any CPU
	EndGlobalSection
	GlobalSection(SolutionProperties) = preSolution
		HideSolutionNode = FALSE
	EndGlobalSection
	GlobalSection(ExtensibilityGlobals) = postSolution
		SolutionGuid = {77DDF566-E0F1-4630-97D8-B93EDD316570}
	EndGlobalSection
EndGlobal
